
Microsoft Visual Studio Solution File, Format Version 12.00
# Visual Studio Version 17
VisualStudioVersion = 17.2.32526.322
MinimumVisualStudioVersion = 10.0.40219.1
Project("{9A19103F-16F7-4668-BE54-9A1E7A4F7556}") = "Thu_y", "Thu_y\Thu_y.csproj", "{AA3B6C43-441D-4476-911B-1F37CF90FEF0}"
EndProject
Project("{9A19103F-16F7-4668-BE54-9A1E7A4F7556}") = "Thu_y.Infrastructure", "Thu_y.Infrastructure\Thu_y.Infrastructure.csproj", "{57ABBDB5-31EE-4E3C-B94A-020DF079028E}"
EndProject
Global
	GlobalSection(SolutionConfigurationPlatforms) = preSolution
		Debug|Any CPU = Debug|Any CPU
		Release|Any CPU = Release|Any CPU
	EndGlobalSection
	GlobalSection(ProjectConfigurationPlatforms) = postSolution
		{AA3B6C43-441D-4476-911B-1F37CF90FEF0}.Debug|Any CPU.ActiveCfg = Debug|Any CPU
		{AA3B6C43-441D-4476-911B-1F37CF90FEF0}.Debug|Any CPU.Build.0 = Debug|Any CPU
		{AA3B6C43-441D-4476-911B-1F37CF90FEF0}.Release|Any CPU.ActiveCfg = Release|Any CPU
		{AA3B6C43-441D-4476-911B-1F37CF90FEF0}.Release|Any CPU.Build.0 = Release|Any CPU
		{57ABBDB5-31EE-4E3C-B94A-020DF079028E}.Debug|Any CPU.ActiveCfg = Debug|Any CPU
		{57ABBDB5-31EE-4E3C-B94A-020DF079028E}.Debug|Any CPU.Build.0 = Debug|Any CPU
		{57ABBDB5-31EE-4E3C-B94A-020DF079028E}.Release|Any CPU.ActiveCfg = Release|Any CPU
		{57ABBDB5-31EE-4E3C-B94A-020DF079028E}.Release|Any CPU.Build.0 = Release|Any CPU
	EndGlobalSection
	GlobalSection(SolutionProperties) = preSolution
		HideSolutionNode = FALSE
	EndGlobalSection
	GlobalSection(ExtensibilityGlobals) = postSolution
		SolutionGuid = {788CB663-E883-4059-A45A-279F94BB5CD9}
	EndGlobalSection
EndGlobal
